
Microsoft Visual Studio Solution File, Format Version 12.00
# Visual Studio Version 16
VisualStudioVersion = 16.0.31129.286
MinimumVisualStudioVersion = 10.0.40219.1
Project("{9A19103F-16F7-4668-BE54-9A1E7A4F7556}") = "RandomMediaPlayer", "RandomMediaPlayer\RandomMediaPlayer.csproj", "{0871DEFB-97B5-425A-9344-A54BD77B3D10}"
EndProject
Project("{9A19103F-16F7-4668-BE54-9A1E7A4F7556}") = "RandomMediaPlayer.PhotoShower", "RandomMediaPlayer.PhotoShower\RandomMediaPlayer.PhotoShower.csproj", "{BA9A5194-B2EB-450F-959D-779BCEE90721}"
EndProject
Project("{9A19103F-16F7-4668-BE54-9A1E7A4F7556}") = "RandomMediaPlayer.Core", "RandomMediaPlayer.Core\RandomMediaPlayer.Core.csproj", "{FAB04686-F7ED-42AC-8720-A4B14DD7968E}"
EndProject
Project("{9A19103F-16F7-4668-BE54-9A1E7A4F7556}") = "RandomMediaPlayer.MoviePlayer", "RandomMediaPlayer.MoviePlayer\RandomMediaPlayer.MoviePlayer.csproj", "{738AA683-690C-4C1B-801A-668EE3E16ADF}"
EndProject
Project("{9A19103F-16F7-4668-BE54-9A1E7A4F7556}") = "RandomMediaPlayer.Actions", "RandomMediaPlayer.Actions\RandomMediaPlayer.Actions.csproj", "{642E1AE0-8CD8-47C4-B6C5-06314580B446}"
EndProject
Project("{930C7802-8A8C-48F9-8165-68863BCCD9DD}") = "Installer", "Installer\Installer.wixproj", "{4A99AC00-31BE-44B5-8C41-6B6F2ED7BC42}"
EndProject
Project("{FAE04EC0-301F-11D3-BF4B-00C04F79EFBC}") = "RandomMediaPlayer.SelfUpdater", "RandomMediaPlayer.SelfUpdater\RandomMediaPlayer.SelfUpdater.csproj", "{5D6DD790-BCF4-435B-BCF5-CE96140EA0BC}"
EndProject
Project("{FAE04EC0-301F-11D3-BF4B-00C04F79EFBC}") = "RandomMediaPlayer.HistoryTracking", "RandomMediaPlayer.HistoryTracking\RandomMediaPlayer.HistoryTracking.csproj", "{C47B2B28-8A84-44CC-9CE1-581F2B482092}"
EndProject
Global
	GlobalSection(SolutionConfigurationPlatforms) = preSolution
		Debug|Any CPU = Debug|Any CPU
		Debug|x64 = Debug|x64
		Debug|x86 = Debug|x86
		Release|Any CPU = Release|Any CPU
		Release|x64 = Release|x64
		Release|x86 = Release|x86
	EndGlobalSection
	GlobalSection(ProjectConfigurationPlatforms) = postSolution
		{0871DEFB-97B5-425A-9344-A54BD77B3D10}.Debug|Any CPU.ActiveCfg = Debug|Any CPU
		{0871DEFB-97B5-425A-9344-A54BD77B3D10}.Debug|Any CPU.Build.0 = Debug|Any CPU
		{0871DEFB-97B5-425A-9344-A54BD77B3D10}.Debug|x64.ActiveCfg = Debug|Any CPU
		{0871DEFB-97B5-425A-9344-A54BD77B3D10}.Debug|x64.Build.0 = Debug|Any CPU
		{0871DEFB-97B5-425A-9344-A54BD77B3D10}.Debug|x86.ActiveCfg = Debug|Any CPU
		{0871DEFB-97B5-425A-9344-A54BD77B3D10}.Debug|x86.Build.0 = Debug|Any CPU
		{0871DEFB-97B5-425A-9344-A54BD77B3D10}.Release|Any CPU.ActiveCfg = Release|Any CPU
		{0871DEFB-97B5-425A-9344-A54BD77B3D10}.Release|Any CPU.Build.0 = Release|Any CPU
		{0871DEFB-97B5-425A-9344-A54BD77B3D10}.Release|x64.ActiveCfg = Release|Any CPU
		{0871DEFB-97B5-425A-9344-A54BD77B3D10}.Release|x64.Build.0 = Release|Any CPU
		{0871DEFB-97B5-425A-9344-A54BD77B3D10}.Release|x86.ActiveCfg = Release|Any CPU
		{0871DEFB-97B5-425A-9344-A54BD77B3D10}.Release|x86.Build.0 = Release|Any CPU
		{BA9A5194-B2EB-450F-959D-779BCEE90721}.Debug|Any CPU.ActiveCfg = Debug|Any CPU
		{BA9A5194-B2EB-450F-959D-779BCEE90721}.Debug|Any CPU.Build.0 = Debug|Any CPU
		{BA9A5194-B2EB-450F-959D-779BCEE90721}.Debug|x64.ActiveCfg = Debug|Any CPU
		{BA9A5194-B2EB-450F-959D-779BCEE90721}.Debug|x64.Build.0 = Debug|Any CPU
		{BA9A5194-B2EB-450F-959D-779BCEE90721}.Debug|x86.ActiveCfg = Debug|Any CPU
		{BA9A5194-B2EB-450F-959D-779BCEE90721}.Debug|x86.Build.0 = Debug|Any CPU
		{BA9A5194-B2EB-450F-959D-779BCEE90721}.Release|Any CPU.ActiveCfg = Release|Any CPU
		{BA9A5194-B2EB-450F-959D-779BCEE90721}.Release|Any CPU.Build.0 = Release|Any CPU
		{BA9A5194-B2EB-450F-959D-779BCEE90721}.Release|x64.ActiveCfg = Release|Any CPU
		{BA9A5194-B2EB-450F-959D-779BCEE90721}.Release|x64.Build.0 = Release|Any CPU
		{BA9A5194-B2EB-450F-959D-779BCEE90721}.Release|x86.ActiveCfg = Release|Any CPU
		{BA9A5194-B2EB-450F-959D-779BCEE90721}.Release|x86.Build.0 = Release|Any CPU
		{FAB04686-F7ED-42AC-8720-A4B14DD7968E}.Debug|Any CPU.ActiveCfg = Debug|Any CPU
		{FAB04686-F7ED-42AC-8720-A4B14DD7968E}.Debug|Any CPU.Build.0 = Debug|Any CPU
		{FAB04686-F7ED-42AC-8720-A4B14DD7968E}.Debug|x64.ActiveCfg = Debug|Any CPU
		{FAB04686-F7ED-42AC-8720-A4B14DD7968E}.Debug|x64.Build.0 = Debug|Any CPU
		{FAB04686-F7ED-42AC-8720-A4B14DD7968E}.Debug|x86.ActiveCfg = Debug|Any CPU
		{FAB04686-F7ED-42AC-8720-A4B14DD7968E}.Debug|x86.Build.0 = Debug|Any CPU
		{FAB04686-F7ED-42AC-8720-A4B14DD7968E}.Release|Any CPU.ActiveCfg = Release|Any CPU
		{FAB04686-F7ED-42AC-8720-A4B14DD7968E}.Release|Any CPU.Build.0 = Release|Any CPU
		{FAB04686-F7ED-42AC-8720-A4B14DD7968E}.Release|x64.ActiveCfg = Release|Any CPU
		{FAB04686-F7ED-42AC-8720-A4B14DD7968E}.Release|x64.Build.0 = Release|Any CPU
		{FAB04686-F7ED-42AC-8720-A4B14DD7968E}.Release|x86.ActiveCfg = Release|Any CPU
		{FAB04686-F7ED-42AC-8720-A4B14DD7968E}.Release|x86.Build.0 = Release|Any CPU
		{738AA683-690C-4C1B-801A-668EE3E16ADF}.Debug|Any CPU.ActiveCfg = Debug|Any CPU
		{738AA683-690C-4C1B-801A-668EE3E16ADF}.Debug|Any CPU.Build.0 = Debug|Any CPU
		{738AA683-690C-4C1B-801A-668EE3E16ADF}.Debug|x64.ActiveCfg = Debug|Any CPU
		{738AA683-690C-4C1B-801A-668EE3E16ADF}.Debug|x64.Build.0 = Debug|Any CPU
		{738AA683-690C-4C1B-801A-668EE3E16ADF}.Debug|x86.ActiveCfg = Debug|Any CPU
		{738AA683-690C-4C1B-801A-668EE3E16ADF}.Debug|x86.Build.0 = Debug|Any CPU
		{738AA683-690C-4C1B-801A-668EE3E16ADF}.Release|Any CPU.ActiveCfg = Release|Any CPU
		{738AA683-690C-4C1B-801A-668EE3E16ADF}.Release|Any CPU.Build.0 = Release|Any CPU
		{738AA683-690C-4C1B-801A-668EE3E16ADF}.Release|x64.ActiveCfg = Release|Any CPU
		{738AA683-690C-4C1B-801A-668EE3E16ADF}.Release|x64.Build.0 = Release|Any CPU
		{738AA683-690C-4C1B-801A-668EE3E16ADF}.Release|x86.ActiveCfg = Release|Any CPU
		{738AA683-690C-4C1B-801A-668EE3E16ADF}.Release|x86.Build.0 = Release|Any CPU
		{642E1AE0-8CD8-47C4-B6C5-06314580B446}.Debug|Any CPU.ActiveCfg = Debug|Any CPU
		{642E1AE0-8CD8-47C4-B6C5-06314580B446}.Debug|Any CPU.Build.0 = Debug|Any CPU
		{642E1AE0-8CD8-47C4-B6C5-06314580B446}.Debug|x64.ActiveCfg = Debug|Any CPU
		{642E1AE0-8CD8-47C4-B6C5-06314580B446}.Debug|x64.Build.0 = Debug|Any CPU
		{642E1AE0-8CD8-47C4-B6C5-06314580B446}.Debug|x86.ActiveCfg = Debug|Any CPU
		{642E1AE0-8CD8-47C4-B6C5-06314580B446}.Debug|x86.Build.0 = Debug|Any CPU
		{642E1AE0-8CD8-47C4-B6C5-06314580B446}.Release|Any CPU.ActiveCfg = Release|Any CPU
		{642E1AE0-8CD8-47C4-B6C5-06314580B446}.Release|Any CPU.Build.0 = Release|Any CPU
		{642E1AE0-8CD8-47C4-B6C5-06314580B446}.Release|x64.ActiveCfg = Release|Any CPU
		{642E1AE0-8CD8-47C4-B6C5-06314580B446}.Release|x64.Build.0 = Release|Any CPU
		{642E1AE0-8CD8-47C4-B6C5-06314580B446}.Release|x86.ActiveCfg = Release|Any CPU
		{642E1AE0-8CD8-47C4-B6C5-06314580B446}.Release|x86.Build.0 = Release|Any CPU
		{4A99AC00-31BE-44B5-8C41-6B6F2ED7BC42}.Debug|Any CPU.ActiveCfg = Release|x86
		{4A99AC00-31BE-44B5-8C41-6B6F2ED7BC42}.Debug|x64.ActiveCfg = Release|x64
		{4A99AC00-31BE-44B5-8C41-6B6F2ED7BC42}.Debug|x86.ActiveCfg = Debug|x86
		{4A99AC00-31BE-44B5-8C41-6B6F2ED7BC42}.Debug|x86.Build.0 = Debug|x86
		{4A99AC00-31BE-44B5-8C41-6B6F2ED7BC42}.Release|Any CPU.ActiveCfg = Release|x86
		{4A99AC00-31BE-44B5-8C41-6B6F2ED7BC42}.Release|x64.ActiveCfg = Release|x64
		{4A99AC00-31BE-44B5-8C41-6B6F2ED7BC42}.Release|x64.Build.0 = Release|x64
		{4A99AC00-31BE-44B5-8C41-6B6F2ED7BC42}.Release|x86.ActiveCfg = Release|x86
		{4A99AC00-31BE-44B5-8C41-6B6F2ED7BC42}.Release|x86.Build.0 = Release|x86
		{5D6DD790-BCF4-435B-BCF5-CE96140EA0BC}.Debug|Any CPU.ActiveCfg = Debug|Any CPU
		{5D6DD790-BCF4-435B-BCF5-CE96140EA0BC}.Debug|Any CPU.Build.0 = Debug|Any CPU
		{5D6DD790-BCF4-435B-BCF5-CE96140EA0BC}.Debug|x64.ActiveCfg = Debug|Any CPU
		{5D6DD790-BCF4-435B-BCF5-CE96140EA0BC}.Debug|x64.Build.0 = Debug|Any CPU
		{5D6DD790-BCF4-435B-BCF5-CE96140EA0BC}.Debug|x86.ActiveCfg = Debug|Any CPU
		{5D6DD790-BCF4-435B-BCF5-CE96140EA0BC}.Debug|x86.Build.0 = Debug|Any CPU
		{5D6DD790-BCF4-435B-BCF5-CE96140EA0BC}.Release|Any CPU.ActiveCfg = Release|Any CPU
		{5D6DD790-BCF4-435B-BCF5-CE96140EA0BC}.Release|Any CPU.Build.0 = Release|Any CPU
		{5D6DD790-BCF4-435B-BCF5-CE96140EA0BC}.Release|x64.ActiveCfg = Release|Any CPU
		{5D6DD790-BCF4-435B-BCF5-CE96140EA0BC}.Release|x64.Build.0 = Release|Any CPU
		{5D6DD790-BCF4-435B-BCF5-CE96140EA0BC}.Release|x86.ActiveCfg = Release|Any CPU
		{5D6DD790-BCF4-435B-BCF5-CE96140EA0BC}.Release|x86.Build.0 = Release|Any CPU
		{88180135-5747-4597-BBD5-8A6A3523A5D4}.Debug|Any CPU.ActiveCfg = Debug|Any CPU
		{88180135-5747-4597-BBD5-8A6A3523A5D4}.Debug|Any CPU.Build.0 = Debug|Any CPU
		{88180135-5747-4597-BBD5-8A6A3523A5D4}.Debug|x64.ActiveCfg = Debug|Any CPU
		{88180135-5747-4597-BBD5-8A6A3523A5D4}.Debug|x64.Build.0 = Debug|Any CPU
		{88180135-5747-4597-BBD5-8A6A3523A5D4}.Debug|x86.ActiveCfg = Debug|Any CPU
		{88180135-5747-4597-BBD5-8A6A3523A5D4}.Debug|x86.Build.0 = Debug|Any CPU
		{88180135-5747-4597-BBD5-8A6A3523A5D4}.Release|Any CPU.ActiveCfg = Release|Any CPU
		{88180135-5747-4597-BBD5-8A6A3523A5D4}.Release|Any CPU.Build.0 = Release|Any CPU
		{88180135-5747-4597-BBD5-8A6A3523A5D4}.Release|x64.ActiveCfg = Release|Any CPU
		{88180135-5747-4597-BBD5-8A6A3523A5D4}.Release|x64.Build.0 = Release|Any CPU
		{88180135-5747-4597-BBD5-8A6A3523A5D4}.Release|x86.ActiveCfg = Release|Any CPU
		{88180135-5747-4597-BBD5-8A6A3523A5D4}.Release|x86.Build.0 = Release|Any CPU
		{C47B2B28-8A84-44CC-9CE1-581F2B482092}.Debug|Any CPU.ActiveCfg = Debug|Any CPU
		{C47B2B28-8A84-44CC-9CE1-581F2B482092}.Debug|Any CPU.Build.0 = Debug|Any CPU
		{C47B2B28-8A84-44CC-9CE1-581F2B482092}.Debug|x64.ActiveCfg = Debug|Any CPU
		{C47B2B28-8A84-44CC-9CE1-581F2B482092}.Debug|x64.Build.0 = Debug|Any CPU
		{C47B2B28-8A84-44CC-9CE1-581F2B482092}.Debug|x86.ActiveCfg = Debug|Any CPU
		{C47B2B28-8A84-44CC-9CE1-581F2B482092}.Debug|x86.Build.0 = Debug|Any CPU
		{C47B2B28-8A84-44CC-9CE1-581F2B482092}.Release|Any CPU.ActiveCfg = Release|Any CPU
		{C47B2B28-8A84-44CC-9CE1-581F2B482092}.Release|Any CPU.Build.0 = Release|Any CPU
		{C47B2B28-8A84-44CC-9CE1-581F2B482092}.Release|x64.ActiveCfg = Release|Any CPU
		{C47B2B28-8A84-44CC-9CE1-581F2B482092}.Release|x64.Build.0 = Release|Any CPU
		{C47B2B28-8A84-44CC-9CE1-581F2B482092}.Release|x86.ActiveCfg = Release|Any CPU
		{C47B2B28-8A84-44CC-9CE1-581F2B482092}.Release|x86.Build.0 = Release|Any CPU
	EndGlobalSection
	GlobalSection(SolutionProperties) = preSolution
		HideSolutionNode = FALSE
	EndGlobalSection
	GlobalSection(ExtensibilityGlobals) = postSolution
		SolutionGuid = {AD3EEEB3-E494-457B-92A2-0014E60BE483}
	EndGlobalSection
EndGlobal
